
Microsoft Visual Studio Solution File, Format Version 12.00
# Visual Studio Version 16
VisualStudioVersion = 16.0.32106.194
MinimumVisualStudioVersion = 10.0.40219.1
Project("{FAE04EC0-301F-11D3-BF4B-00C04F79EFBC}") = "WednesdayGame", "WednesdayGame\WednesdayGame.csproj", "{52909FA5-E0A7-4BD4-8489-8652BD2F6983}"
EndProject
Global
	GlobalSection(SolutionConfigurationPlatforms) = preSolution
		Debug|Any CPU = Debug|Any CPU
		Release|Any CPU = Release|Any CPU
	EndGlobalSection
	GlobalSection(ProjectConfigurationPlatforms) = postSolution
		{52909FA5-E0A7-4BD4-8489-8652BD2F6983}.Debug|Any CPU.ActiveCfg = Debug|Any CPU
		{52909FA5-E0A7-4BD4-8489-8652BD2F6983}.Debug|Any CPU.Build.0 = Debug|Any CPU
		{52909FA5-E0A7-4BD4-8489-8652BD2F6983}.Release|Any CPU.ActiveCfg = Release|Any CPU
		{52909FA5-E0A7-4BD4-8489-8652BD2F6983}.Release|Any CPU.Build.0 = Release|Any CPU
	EndGlobalSection
	GlobalSection(SolutionProperties) = preSolution
		HideSolutionNode = FALSE
	EndGlobalSection
	GlobalSection(ExtensibilityGlobals) = postSolution
		SolutionGuid = {27F863D0-D4A3-49C3-B0FC-3B25884905DD}
	EndGlobalSection
EndGlobal
